<?xml version="1.0" encoding="utf-8"?>
<Project ToolsVersion="4.0" xmlns="http://schemas.microsoft.com/developer/msbuild/2003">
  <ItemGroup>
    <ClCompile Include="stdafx.cpp" />
    <ClCompile Include="Log.cpp">
      <Filter>Debug</Filter>
    </ClCompile>
    <ClCompile Include="LogSystem.cpp">
      <Filter>Debug</Filter>
    </ClCompile>
    <ClCompile Include="EngineApp.cpp">
      <Filter>App</Filter>
    </ClCompile>
    <ClCompile Include="WindowSystemWin32.cpp">
      <Filter>Platform</Filter>
    </ClCompile>
    <ClCompile Include="StringUtils.cpp">
      <Filter>Utility</Filter>
    </ClCompile>
    <ClCompile Include="RenderSystem.cpp">
      <Filter>RHI</Filter>
    </ClCompile>
    <ClCompile Include="RenderSystemD3D12.cpp">
      <Filter>RHI\Direct3D12</Filter>
    </ClCompile>
    <ClCompile Include="ContextD3D12.cpp">
      <Filter>RHI\Direct3D12</Filter>
    </ClCompile>
    <ClCompile Include="RenderCoreD3D12.cpp">
      <Filter>RHI\Direct3D12</Filter>
    </ClCompile>
    <ClCompile Include="PipelineStateD3D12.cpp">
      <Filter>RHI\Direct3D12\Resources</Filter>
    </ClCompile>
    <ClCompile Include="RenderTargetD3D12.cpp">
      <Filter>RHI\Direct3D12\Resources</Filter>
    </ClCompile>
    <ClCompile Include="TextureD3D12.cpp">
      <Filter>RHI\Direct3D12\Resources</Filter>
    </ClCompile>
    <ClCompile Include="ShaderD3D12.cpp">
      <Filter>RHI\Direct3D12\Resources</Filter>
    </ClCompile>
    <ClCompile Include="BufferD3D12.cpp">
      <Filter>RHI\Direct3D12\Resources</Filter>
    </ClCompile>
    <ClCompile Include="RenderResources.cpp">
      <Filter>RHI</Filter>
    </ClCompile>
    <ClCompile Include="RenderSystemOpenGL.cpp">
      <Filter>RHI\OpenGL</Filter>
    </ClCompile>
    <ClCompile Include="RenderCoreOpenGL.cpp">
      <Filter>RHI\OpenGL</Filter>
    </ClCompile>
    <ClCompile Include="ContextOpenGL.cpp">
      <Filter>RHI\OpenGL</Filter>
    </ClCompile>
    <ClCompile Include="ShaderOpenGL.cpp">
      <Filter>RHI\OpenGL\Resources</Filter>
    </ClCompile>
    <ClCompile Include="BufferOpenGL.cpp">
      <Filter>RHI\OpenGL\Resources</Filter>
    </ClCompile>
    <ClCompile Include="RenderTargetOpenGL.cpp">
      <Filter>RHI\OpenGL\Resources</Filter>
    </ClCompile>
    <ClCompile Include="TextureOpenGL.cpp">
      <Filter>RHI\OpenGL\Resources</Filter>
    </ClCompile>
    <ClCompile Include="PipelineStateOpenGL.cpp">
      <Filter>RHI\OpenGL\Resources</Filter>
    </ClCompile>
    <ClCompile Include="RenderCoreD3D11.cpp">
      <Filter>RHI\Direct3D11</Filter>
    </ClCompile>
    <ClCompile Include="ContextD3D11.cpp">
      <Filter>RHI\Direct3D11</Filter>
    </ClCompile>
    <ClCompile Include="BufferD3D11.cpp">
      <Filter>RHI\Direct3D11\Resources</Filter>
    </ClCompile>
    <ClCompile Include="PipelineStateD3D11.cpp">
      <Filter>RHI\Direct3D11\Resources</Filter>
    </ClCompile>
    <ClCompile Include="RenderTargetD3D11.cpp">
      <Filter>RHI\Direct3D11\Resources</Filter>
    </ClCompile>
    <ClCompile Include="ShaderD3D11.cpp">
      <Filter>RHI\Direct3D11\Resources</Filter>
    </ClCompile>
    <ClCompile Include="TextureD3D11.cpp">
      <Filter>RHI\Direct3D11\Resources</Filter>
    </ClCompile>
    <ClCompile Include="ContextVK.cpp">
      <Filter>RHI\Vulkan</Filter>
    </ClCompile>
    <ClCompile Include="RenderCoreVK.cpp">
      <Filter>RHI\Vulkan</Filter>
    </ClCompile>
    <ClCompile Include="RenderSystemVK.cpp">
      <Filter>RHI\Vulkan</Filter>
    </ClCompile>
    <ClCompile Include="BufferVK.cpp">
      <Filter>RHI\Vulkan\Resources</Filter>
    </ClCompile>
    <ClCompile Include="PipelineStateVK.cpp">
      <Filter>RHI\Vulkan\Resources</Filter>
    </ClCompile>
    <ClCompile Include="ShaderVK.cpp">
      <Filter>RHI\Vulkan\Resources</Filter>
    </ClCompile>
    <ClCompile Include="TextureVK.cpp">
      <Filter>RHI\Vulkan\Resources</Filter>
    </ClCompile>
    <ClCompile Include="RenderTargetVK.cpp">
      <Filter>RHI\Vulkan\Resources</Filter>
    </ClCompile>
    <ClCompile Include="AccelerationStructureVK.cpp">
      <Filter>RHI\Vulkan\Resources</Filter>
    </ClCompile>
    <ClCompile Include="Font.cpp">
      <Filter>Render</Filter>
    </ClCompile>
    <ClCompile Include="Image.cpp">
      <Filter>Render</Filter>
    </ClCompile>
    <ClCompile Include="TextMesh.cpp">
      <Filter>Render</Filter>
    </ClCompile>
    <ClCompile Include="Camera.cpp">
      <Filter>Render</Filter>
    </ClCompile>
    <ClCompile Include="KeyboardWin32.cpp">
      <Filter>Platform</Filter>
    </ClCompile>
    <ClCompile Include="InputSystemWin32.cpp">
      <Filter>Platform</Filter>
    </ClCompile>
    <ClCompile Include="MouseWin32.cpp">
      <Filter>Platform</Filter>
    </ClCompile>
    <ClCompile Include="RHISystemD3D12.cpp">
      <Filter>RHI\Direct3D12</Filter>
    </ClCompile>
    <ClCompile Include="RHISystemVK.cpp">
      <Filter>RHI\Vulkan</Filter>
    </ClCompile>
    <ClCompile Include="RHISystemGL.cpp">
      <Filter>RHI\OpenGL</Filter>
    </ClCompile>
    <ClCompile Include="RenderCore.cpp">
      <Filter>RHI\Core</Filter>
    </ClCompile>
    <ClCompile Include="Vertex.cpp">
      <Filter>RHI\Core</Filter>
    </ClCompile>
    <ClCompile Include="ShaderCompiler.cpp">
      <Filter>RHI\Core</Filter>
    </ClCompile>
    <ClCompile Include="RenderUtils.cpp">
      <Filter>Render</Filter>
    </ClCompile>
    <ClCompile Include="RHIBackendD3D11.cpp">
      <Filter>RHI\Direct3D11</Filter>
    </ClCompile>
  </ItemGroup>
  <ItemGroup>
    <ClInclude Include="stdafx.h" />
    <ClInclude Include="Log.h">
      <Filter>Debug</Filter>
    </ClInclude>
    <ClInclude Include="LogSystem.h">
      <Filter>Debug</Filter>
    </ClInclude>
    <ClInclude Include="EngineApp.h">
      <Filter>App</Filter>
    </ClInclude>
    <ClInclude Include="WindowSystem.h">
      <Filter>Platform</Filter>
    </ClInclude>
    <ClInclude Include="StringUtils.h">
      <Filter>Utility</Filter>
    </ClInclude>
    <ClInclude Include="RenderSystem.h">
      <Filter>RHI</Filter>
    </ClInclude>
    <ClInclude Include="WindowStructs.h">
      <Filter>Platform</Filter>
    </ClInclude>
    <ClInclude Include="ContextD3D12.h">
      <Filter>RHI\Direct3D12</Filter>
    </ClInclude>
    <ClInclude Include="HashCombine.h">
      <Filter>Core</Filter>
    </ClInclude>
    <ClInclude Include="RenderCoreD3D12.h">
      <Filter>RHI\Direct3D12</Filter>
    </ClInclude>
    <ClInclude Include="PipelineStateD3D12.h">
      <Filter>RHI\Direct3D12\Resources</Filter>
    </ClInclude>
    <ClInclude Include="RenderTargetD3D12.h">
      <Filter>RHI\Direct3D12\Resources</Filter>
    </ClInclude>
    <ClInclude Include="TextureD3D12.h">
      <Filter>RHI\Direct3D12\Resources</Filter>
    </ClInclude>
    <ClInclude Include="ShaderD3D12.h">
      <Filter>RHI\Direct3D12\Resources</Filter>
    </ClInclude>
    <ClInclude Include="BufferD3D12.h">
      <Filter>RHI\Direct3D12\Resources</Filter>
    </ClInclude>
    <ClInclude Include="RenderResources.h">
      <Filter>RHI</Filter>
    </ClInclude>
    <ClInclude Include="RenderCoreOpenGL.h">
      <Filter>RHI\OpenGL</Filter>
    </ClInclude>
    <ClInclude Include="ContextOpenGL.h">
      <Filter>RHI\OpenGL</Filter>
    </ClInclude>
    <ClInclude Include="ShaderOpenGL.h">
      <Filter>RHI\OpenGL\Resources</Filter>
    </ClInclude>
    <ClInclude Include="BufferOpenGL.h">
      <Filter>RHI\OpenGL\Resources</Filter>
    </ClInclude>
    <ClInclude Include="RenderTargetOpenGL.h">
      <Filter>RHI\OpenGL\Resources</Filter>
    </ClInclude>
    <ClInclude Include="TextureOpenGL.h">
      <Filter>RHI\OpenGL\Resources</Filter>
    </ClInclude>
    <ClInclude Include="PipelineStateOpenGL.h">
      <Filter>RHI\OpenGL\Resources</Filter>
    </ClInclude>
    <ClInclude Include="RenderCoreD3D11.h">
      <Filter>RHI\Direct3D11</Filter>
    </ClInclude>
    <ClInclude Include="ContextD3D11.h">
      <Filter>RHI\Direct3D11</Filter>
    </ClInclude>
    <ClInclude Include="BufferD3D11.h">
      <Filter>RHI\Direct3D11\Resources</Filter>
    </ClInclude>
    <ClInclude Include="PipelineStateD3D11.h">
      <Filter>RHI\Direct3D11\Resources</Filter>
    </ClInclude>
    <ClInclude Include="RenderTargetD3D11.h">
      <Filter>RHI\Direct3D11\Resources</Filter>
    </ClInclude>
    <ClInclude Include="ShaderD3D11.h">
      <Filter>RHI\Direct3D11\Resources</Filter>
    </ClInclude>
    <ClInclude Include="TextureD3D11.h">
      <Filter>RHI\Direct3D11\Resources</Filter>
    </ClInclude>
    <ClInclude Include="ContextVK.h">
      <Filter>RHI\Vulkan</Filter>
    </ClInclude>
    <ClInclude Include="RenderCoreVK.h">
      <Filter>RHI\Vulkan</Filter>
    </ClInclude>
    <ClInclude Include="BufferVK.h">
      <Filter>RHI\Vulkan\Resources</Filter>
    </ClInclude>
    <ClInclude Include="PipelineStateVK.h">
      <Filter>RHI\Vulkan\Resources</Filter>
    </ClInclude>
    <ClInclude Include="ShaderVK.h">
      <Filter>RHI\Vulkan\Resources</Filter>
    </ClInclude>
    <ClInclude Include="TextureVK.h">
      <Filter>RHI\Vulkan\Resources</Filter>
    </ClInclude>
    <ClInclude Include="RenderTargetVK.h">
      <Filter>RHI\Vulkan\Resources</Filter>
    </ClInclude>
    <ClInclude Include="AccelerationStructureVK.h">
      <Filter>RHI\Vulkan\Resources</Filter>
    </ClInclude>
    <ClInclude Include="Font.h">
      <Filter>Render</Filter>
    </ClInclude>
    <ClInclude Include="Image.h">
      <Filter>Render</Filter>
    </ClInclude>
    <ClInclude Include="TextMesh.h">
      <Filter>Render</Filter>
    </ClInclude>
    <ClInclude Include="Camera.h">
      <Filter>Render</Filter>
    </ClInclude>
    <ClInclude Include="Keyboard.h">
      <Filter>Platform</Filter>
    </ClInclude>
    <ClInclude Include="BaseHeader.h">
      <Filter>Base</Filter>
    </ClInclude>
    <ClInclude Include="BaseMacros.h">
      <Filter>Base</Filter>
    </ClInclude>
    <ClInclude Include="Color.h">
      <Filter>Core</Filter>
    </ClInclude>
    <ClInclude Include="PrivateHeader.h">
      <Filter>Base</Filter>
    </ClInclude>
    <ClInclude Include="InputSystem.h">
      <Filter>Platform</Filter>
    </ClInclude>
    <ClInclude Include="InputStructs.h">
      <Filter>Platform</Filter>
    </ClInclude>
    <ClInclude Include="Mouse.h">
      <Filter>Platform</Filter>
    </ClInclude>
    <ClInclude Include="RenderCore.h">
      <Filter>RHI\Core</Filter>
    </ClInclude>
    <ClInclude Include="Vertex.h">
      <Filter>RHI\Core</Filter>
    </ClInclude>
    <ClInclude Include="ShaderCompiler.h">
      <Filter>RHI\Core</Filter>
    </ClInclude>
    <ClInclude Include="RenderUtils.h">
      <Filter>Render</Filter>
    </ClInclude>
    <ClInclude Include="RHIBackend.h">
      <Filter>RHI\Private</Filter>
    </ClInclude>
  </ItemGroup>
  <ItemGroup>
    <Filter Include="Core">
      <UniqueIdentifier>{22a18f2b-ec1d-40e4-8805-a14dd4c6e822}</UniqueIdentifier>
    </Filter>
    <Filter Include="Debug">
      <UniqueIdentifier>{fe12f049-d45b-4ae4-8dcd-7370d120f66e}</UniqueIdentifier>
    </Filter>
    <Filter Include="App">
      <UniqueIdentifier>{b48e27f2-4c2e-470e-8139-861f1bc42b2e}</UniqueIdentifier>
    </Filter>
    <Filter Include="Platform">
      <UniqueIdentifier>{b2f4a91a-f385-49e2-891c-a7262119e641}</UniqueIdentifier>
    </Filter>
    <Filter Include="Utility">
      <UniqueIdentifier>{47d7a0d7-5726-43dd-8764-950078128c11}</UniqueIdentifier>
    </Filter>
    <Filter Include="RHI">
      <UniqueIdentifier>{09b218a8-f823-4338-92e5-3313ca542c11}</UniqueIdentifier>
    </Filter>
    <Filter Include="RHI\Direct3D12">
      <UniqueIdentifier>{ab4489ca-1985-411e-8834-0ecede3fd98d}</UniqueIdentifier>
    </Filter>
    <Filter Include="RHI\Direct3D12\Resources">
      <UniqueIdentifier>{d77ac8d1-4391-49d8-b61d-849fc0af9902}</UniqueIdentifier>
    </Filter>
    <Filter Include="RHI\OpenGL">
      <UniqueIdentifier>{9a6bd3a8-b7ea-46b0-951f-4867564cddc9}</UniqueIdentifier>
    </Filter>
    <Filter Include="RHI\OpenGL\Resources">
      <UniqueIdentifier>{af9d4c5d-8cfd-4c11-ade5-a611da732c1d}</UniqueIdentifier>
    </Filter>
    <Filter Include="RHI\Direct3D11">
      <UniqueIdentifier>{311120d2-6aa3-43f7-b8f6-73841a080ff2}</UniqueIdentifier>
    </Filter>
    <Filter Include="RHI\Direct3D11\Resources">
      <UniqueIdentifier>{d06042d0-3544-4a77-8107-6244a880b836}</UniqueIdentifier>
    </Filter>
    <Filter Include="RHI\Vulkan">
      <UniqueIdentifier>{53008008-dc2f-4583-9fe3-3f9e1dae294c}</UniqueIdentifier>
    </Filter>
    <Filter Include="RHI\Vulkan\Resources">
      <UniqueIdentifier>{45637898-001e-42ef-9def-96c18c1c28c1}</UniqueIdentifier>
    </Filter>
    <Filter Include="Render">
      <UniqueIdentifier>{85929439-afd3-4bc7-82fc-3e6fbba21b2f}</UniqueIdentifier>
    </Filter>
    <Filter Include="Base">
      <UniqueIdentifier>{f806912f-a7be-41d4-ada0-65eff7d8e9ab}</UniqueIdentifier>
    </Filter>
    <Filter Include="Math">
      <UniqueIdentifier>{64bd0bbb-2dfc-4d29-bd48-f174de52df58}</UniqueIdentifier>
    </Filter>
    <Filter Include="RHI\Core">
      <UniqueIdentifier>{ef241f23-7022-41b3-aa88-3023370f3626}</UniqueIdentifier>
    </Filter>
    <Filter Include="RHI\Private">
      <UniqueIdentifier>{e5b67bc0-c1db-452a-9c99-4b7f91e2266e}</UniqueIdentifier>
    </Filter>
  </ItemGroup>
</Project>