<?xml version="1.0" encoding="utf-8"?>
<Project ToolsVersion="4.0" xmlns="http://schemas.microsoft.com/developer/msbuild/2003">
  <ItemGroup>
    <ClCompile Include="stdafx.cpp" />
    <ClCompile Include="Log.cpp">
      <Filter>Debug</Filter>
    </ClCompile>
    <ClCompile Include="LogSystem.cpp">
      <Filter>Debug</Filter>
    </ClCompile>
    <ClCompile Include="EngineApp.cpp">
      <Filter>App</Filter>
    </ClCompile>
    <ClCompile Include="WindowSystem_Win32.cpp">
      <Filter>Platform</Filter>
    </ClCompile>
    <ClCompile Include="StringUtils.cpp">
      <Filter>Utility</Filter>
    </ClCompile>
    <ClCompile Include="RenderSystem.cpp">
      <Filter>RHI</Filter>
    </ClCompile>
    <ClCompile Include="RenderSystem_D3D12.cpp">
      <Filter>RHI\Direct3D12</Filter>
    </ClCompile>
    <ClCompile Include="RenderCore.cpp">
      <Filter>RHI</Filter>
    </ClCompile>
    <ClCompile Include="ContextD3D12.cpp">
      <Filter>RHI\Direct3D12</Filter>
    </ClCompile>
    <ClCompile Include="RenderCoreD3D12.cpp">
      <Filter>RHI\Direct3D12</Filter>
    </ClCompile>
    <ClCompile Include="PipelineStateD3D12.cpp">
      <Filter>RHI\Direct3D12\Resources</Filter>
    </ClCompile>
    <ClCompile Include="RenderTargetD3D12.cpp">
      <Filter>RHI\Direct3D12\Resources</Filter>
    </ClCompile>
    <ClCompile Include="TextureD3D12.cpp">
      <Filter>RHI\Direct3D12\Resources</Filter>
    </ClCompile>
    <ClCompile Include="ShaderD3D12.cpp">
      <Filter>RHI\Direct3D12\Resources</Filter>
    </ClCompile>
    <ClCompile Include="BufferD3D12.cpp">
      <Filter>RHI\Direct3D12\Resources</Filter>
    </ClCompile>
    <ClCompile Include="ShaderCompiler.cpp">
      <Filter>RHI</Filter>
    </ClCompile>
    <ClCompile Include="RenderResources.cpp">
      <Filter>RHI</Filter>
    </ClCompile>
    <ClCompile Include="Vertex.cpp">
      <Filter>RHI</Filter>
    </ClCompile>
  </ItemGroup>
  <ItemGroup>
    <ClInclude Include="stdafx.h" />
    <ClInclude Include="BaseHeader.h">
      <Filter>Core</Filter>
    </ClInclude>
    <ClInclude Include="Log.h">
      <Filter>Debug</Filter>
    </ClInclude>
    <ClInclude Include="LogSystem.h">
      <Filter>Debug</Filter>
    </ClInclude>
    <ClInclude Include="EngineApp.h">
      <Filter>App</Filter>
    </ClInclude>
    <ClInclude Include="BaseMacros.h">
      <Filter>Core</Filter>
    </ClInclude>
    <ClInclude Include="WindowSystem.h">
      <Filter>Platform</Filter>
    </ClInclude>
    <ClInclude Include="StringUtils.h">
      <Filter>Utility</Filter>
    </ClInclude>
    <ClInclude Include="RenderSystem.h">
      <Filter>RHI</Filter>
    </ClInclude>
    <ClInclude Include="WindowPrivateData.h">
      <Filter>Platform</Filter>
    </ClInclude>
    <ClInclude Include="RenderCore.h">
      <Filter>RHI</Filter>
    </ClInclude>
    <ClInclude Include="PrivateHeader.h">
      <Filter>Core</Filter>
    </ClInclude>
    <ClInclude Include="ContextD3D12.h">
      <Filter>RHI\Direct3D12</Filter>
    </ClInclude>
    <ClInclude Include="HashCombine.h">
      <Filter>Core</Filter>
    </ClInclude>
    <ClInclude Include="RenderCoreD3D12.h">
      <Filter>RHI\Direct3D12</Filter>
    </ClInclude>
    <ClInclude Include="PipelineStateD3D12.h">
      <Filter>RHI\Direct3D12\Resources</Filter>
    </ClInclude>
    <ClInclude Include="RenderTargetD3D12.h">
      <Filter>RHI\Direct3D12\Resources</Filter>
    </ClInclude>
    <ClInclude Include="TextureD3D12.h">
      <Filter>RHI\Direct3D12\Resources</Filter>
    </ClInclude>
    <ClInclude Include="ShaderD3D12.h">
      <Filter>RHI\Direct3D12\Resources</Filter>
    </ClInclude>
    <ClInclude Include="BufferD3D12.h">
      <Filter>RHI\Direct3D12\Resources</Filter>
    </ClInclude>
    <ClInclude Include="ShaderCompiler.h">
      <Filter>RHI</Filter>
    </ClInclude>
    <ClInclude Include="RenderResources.h">
      <Filter>RHI</Filter>
    </ClInclude>
    <ClInclude Include="Vertex.h">
      <Filter>RHI</Filter>
    </ClInclude>
  </ItemGroup>
  <ItemGroup>
    <Filter Include="Core">
      <UniqueIdentifier>{22a18f2b-ec1d-40e4-8805-a14dd4c6e822}</UniqueIdentifier>
    </Filter>
    <Filter Include="Debug">
      <UniqueIdentifier>{fe12f049-d45b-4ae4-8dcd-7370d120f66e}</UniqueIdentifier>
    </Filter>
    <Filter Include="App">
      <UniqueIdentifier>{b48e27f2-4c2e-470e-8139-861f1bc42b2e}</UniqueIdentifier>
    </Filter>
    <Filter Include="Platform">
      <UniqueIdentifier>{b2f4a91a-f385-49e2-891c-a7262119e641}</UniqueIdentifier>
    </Filter>
    <Filter Include="Utility">
      <UniqueIdentifier>{47d7a0d7-5726-43dd-8764-950078128c11}</UniqueIdentifier>
    </Filter>
    <Filter Include="RHI">
      <UniqueIdentifier>{09b218a8-f823-4338-92e5-3313ca542c11}</UniqueIdentifier>
    </Filter>
    <Filter Include="RHI\Direct3D12">
      <UniqueIdentifier>{ab4489ca-1985-411e-8834-0ecede3fd98d}</UniqueIdentifier>
    </Filter>
    <Filter Include="RHI\Direct3D12\Resources">
      <UniqueIdentifier>{d77ac8d1-4391-49d8-b61d-849fc0af9902}</UniqueIdentifier>
    </Filter>
  </ItemGroup>
</Project>